
Microsoft Visual Studio Solution File, Format Version 12.00
# Visual Studio Version 17
VisualStudioVersion = 17.4.33213.308
MinimumVisualStudioVersion = 10.0.40219.1
Project("{FAE04EC0-301F-11D3-BF4B-00C04F79EFBC}") = "CinemaApp", "CinemaApp\CinemaApp.csproj", "{90C404B6-23C1-4EFA-9BBA-D9F43BC62765}"
EndProject
Global
	GlobalSection(SolutionConfigurationPlatforms) = preSolution
		Debug|Any CPU = Debug|Any CPU
		Release|Any CPU = Release|Any CPU
	EndGlobalSection
	GlobalSection(ProjectConfigurationPlatforms) = postSolution
		{90C404B6-23C1-4EFA-9BBA-D9F43BC62765}.Debug|Any CPU.ActiveCfg = Debug|Any CPU
		{90C404B6-23C1-4EFA-9BBA-D9F43BC62765}.Debug|Any CPU.Build.0 = Debug|Any CPU
		{90C404B6-23C1-4EFA-9BBA-D9F43BC62765}.Release|Any CPU.ActiveCfg = Release|Any CPU
		{90C404B6-23C1-4EFA-9BBA-D9F43BC62765}.Release|Any CPU.Build.0 = Release|Any CPU
	EndGlobalSection
	GlobalSection(SolutionProperties) = preSolution
		HideSolutionNode = FALSE
	EndGlobalSection
	GlobalSection(ExtensibilityGlobals) = postSolution
		SolutionGuid = {1E5E3978-3CF5-4920-AA50-DABA56FB3C33}
	EndGlobalSection
EndGlobal
